schema: '2.0'
stages:
  data_ingestion:
    cmd: python src/concrete_strength/e_pipeline/stg_01_data_ingestion.py
    deps:
    - path: config/config.yaml
      hash: md5
      md5: 1fc262a3144e783ad4702a4e773d3df1
      size: 2083
    - path: src/concrete_strength/e_pipeline/stg_01_data_ingestion.py
      hash: md5
      md5: d32c5a96a7bbf0ca9b1e1a948e447fee
      size: 1056
    outs:
    - path: artifacts/data_ingestion/downloaded
      hash: md5
      md5: 977a5dedab3aa5448e0e1fb0eb126fd9.dir
      size: 122220
      nfiles: 2
    - path: artifacts/data_ingestion/extracted
      hash: md5
      md5: 05b6263497551957f5e4d24d4723a2a5.dir
      size: 544277
      nfiles: 4
