schema: '2.0'
stages:
  data_ingestion:
    cmd: python src/concrete_strength/e_pipeline/stg_01_data_ingestion.py
    deps:
    - path: config/config.yaml
      hash: md5
      md5: 5e215fb5ae0cabac3d1fe188b3754454
      size: 2676
    - path: src/concrete_strength/e_pipeline/stg_01_data_ingestion.py
      hash: md5
      md5: d32c5a96a7bbf0ca9b1e1a948e447fee
      size: 1056
    outs:
    - path: artifacts/data_ingestion/downloaded
      hash: md5
      md5: 977a5dedab3aa5448e0e1fb0eb126fd9.dir
      size: 122220
      nfiles: 2
    - path: artifacts/data_ingestion/extracted
      hash: md5
      md5: 05b6263497551957f5e4d24d4723a2a5.dir
      size: 544277
      nfiles: 4
  data_transformation:
    cmd: python src/concrete_strength/e_pipeline/stg_02_data_transformation.py
    deps:
    - path: artifacts/data_ingestion/extracted
      hash: md5
      md5: 05b6263497551957f5e4d24d4723a2a5.dir
      size: 544277
      nfiles: 4
    - path: config/config.yaml
      hash: md5
      md5: 5e215fb5ae0cabac3d1fe188b3754454
      size: 2676
    - path: src/concrete_strength/e_pipeline/stg_02_data_transformation.py
      hash: md5
      md5: c843f7bfd2815f94012f9242cf0acf7f
      size: 1098
    outs:
    - path: artifacts/data_transformation
      hash: md5
      md5: aaa82b901bd433b5dd05f3e1a7a1eb36.dir
      size: 305048
      nfiles: 2
  model_trainer:
    cmd: python src/concrete_strength/e_pipeline/stg_03_model_training.py
    deps:
    - path: artifacts/data_transformation
      hash: md5
      md5: aaa82b901bd433b5dd05f3e1a7a1eb36.dir
      size: 305048
      nfiles: 2
    - path: config/config.yaml
      hash: md5
      md5: af8bb9ae902de2a573ef28925c853ff6
      size: 2313
    - path: globalparams.yaml
      hash: md5
      md5: 65f69487e8b1fd43bf076fa7e4491ef1
      size: 65
    - path: params.yaml
      hash: md5
      md5: 440da794e60bfc0ce691a9fdea393edc
      size: 2181
    - path: src/concrete_strength/e_pipeline/stg_03_model_training.py
      hash: md5
      md5: 8be9f07f94775043ff6b39ba5c048831
      size: 1251
    outs:
    - path: artifacts/model_trainer
      hash: md5
      md5: cfe6f9e8b4906dad4ed67cfd9b36eb61.dir
      size: 96104599
      nfiles: 3
  model_eval:
    cmd: python src/concrete_strength/e_pipeline/stg_04_model_eval.py
    deps:
    - path: artifacts/model_trainer
      hash: md5
      md5: cfe6f9e8b4906dad4ed67cfd9b36eb61.dir
      size: 96104599
      nfiles: 3
    - path: bestparams.yaml
      hash: md5
      md5: ee762b6ae0d1d30697fdb2b7a7598370
      size: 746
    - path: config/config.yaml
      hash: md5
      md5: 5e215fb5ae0cabac3d1fe188b3754454
      size: 2676
    - path: src/concrete_strength/e_pipeline/stg_04_model_eval.py
      hash: md5
      md5: 6b79faa8f2f059d34bc402fbc39a9d92
      size: 1095
